// !$*UTF8*$!
{
	archiveVersion = 1;
	classes = {
	};
	objectVersion = 77;
	objects = {

/* Begin PBXBuildFile section */
		00AE3BE3CB5C09653AC8BD76 /* ExportOptions-iOS.plist in Resources */ = {isa = PBXBuildFile; fileRef = 8FBC559791CCDD000A4E9318 /* ExportOptions-iOS.plist */; };
		05DB94B600EC78E262051DBE /* YN5QFY4469.p12 in Resources */ = {isa = PBXBuildFile; fileRef = 3C3F520A603BA9EB5F48D648 /* YN5QFY4469.p12 */; };
		06218E077B6E1E1AC836D3E4 /* Channel.swift in Sources */ = {isa = PBXBuildFile; fileRef = 4DEA72CA1B9494A0EF47EE56 /* Channel.swift */; };
		0775B5D0AA88AEFFD59DA430 /* LoginView.swift in Sources */ = {isa = PBXBuildFile; fileRef = E562DFDEE5490AC2219E5C66 /* LoginView.swift */; };
		0F92A88CDF66841C6F42669A /* hls_urls_redis.py in Resources */ = {isa = PBXBuildFile; fileRef = 9C04EFCF1CC7C312CF721147 /* hls_urls_redis.py */; };
		10794AA0A8BA3266AB662D97 /* PlayerViewModel.swift in Sources */ = {isa = PBXBuildFile; fileRef = 92181FE3BF440CBE57F63FF4 /* PlayerViewModel.swift */; };
		124B65082BF415C6DB5F75CC /* ImageCache.swift in Sources */ = {isa = PBXBuildFile; fileRef = 1E1F58D8501C75F60AC2C7FB /* ImageCache.swift */; };
		1389827930B18415E714F9C0 /* AuthToken.swift in Sources */ = {isa = PBXBuildFile; fileRef = AF696DCB276DDD53F87786B0 /* AuthToken.swift */; };
		147D1FECA62E634D64531C92 /* VLCPlayerView.swift in Sources */ = {isa = PBXBuildFile; fileRef = 53B4ACB0876E31F7772A7011 /* VLCPlayerView.swift */; };
		1B3D8241CB25A256393D974D /* hls_server_redis.py in Resources */ = {isa = PBXBuildFile; fileRef = 8F7A1C2482AABD157087E3F6 /* hls_server_redis.py */; };
		1C4D6309D5C4EAD21EE8E125 /* PlayerOverlayView.swift in Sources */ = {isa = PBXBuildFile; fileRef = A4A657F280B0113F40B9FDB6 /* PlayerOverlayView.swift */; };
		1D6E9185BE6D671D52CB09A9 /* ChannelsViewModel.swift in Sources */ = {isa = PBXBuildFile; fileRef = 4801CC690CC6978A17D5CE22 /* ChannelsViewModel.swift */; };
		21B4199503A730B077DCA936 /* ExportOptions-iOS.plist in Resources */ = {isa = PBXBuildFile; fileRef = 8FBC559791CCDD000A4E9318 /* ExportOptions-iOS.plist */; };
		2288374F28501D6856D57E79 /* hls_urls_redis.py in Resources */ = {isa = PBXBuildFile; fileRef = 9C04EFCF1CC7C312CF721147 /* hls_urls_redis.py */; };
		236B1C8DEA505D33DC34A20B /* AuthViewModel.swift in Sources */ = {isa = PBXBuildFile; fileRef = 4C2EBB151D7E80634A1EB75F /* AuthViewModel.swift */; };
		2446E84E8ED4836A876226BF /* GuideViewModel.swift in Sources */ = {isa = PBXBuildFile; fileRef = 2D105725E3371FDDBAFADA8D /* GuideViewModel.swift */; };
		26271F2ABFB6F9885698524D /* ShimmerView.swift in Sources */ = {isa = PBXBuildFile; fileRef = 9DF04F27FED339B46E197EB0 /* ShimmerView.swift */; };
		26D8BC0A2EDFE71F2C8A057E /* YN5QFY4469.cer in Resources */ = {isa = PBXBuildFile; fileRef = E4E0C9F5E4DF2F22550D38E3 /* YN5QFY4469.cer */; };
		29759DB8E253C43537FDD517 /* PlayerView.swift in Sources */ = {isa = PBXBuildFile; fileRef = 8DF4CA23F6854EAF7A2DFD65 /* PlayerView.swift */; };
		30AEBD4EBF7D307194338F54 /* AppStore_com.dispatcharr.DispatcharrTV_tvos.mobileprovision in Resources */ = {isa = PBXBuildFile; fileRef = 858D28F218FB22099F10250D /* AppStore_com.dispatcharr.DispatcharrTV_tvos.mobileprovision */; };
		332895DB5643E6D071C00859 /* RecordingPlayerView.swift in Sources */ = {isa = PBXBuildFile; fileRef = AE9ED352E2877318FA17A13A /* RecordingPlayerView.swift */; };
		3E805C851049A3B656251283 /* ChannelsViewModel.swift in Sources */ = {isa = PBXBuildFile; fileRef = 4801CC690CC6978A17D5CE22 /* ChannelsViewModel.swift */; };
		3EB220BA0533ABD904BC583B /* KeychainService.swift in Sources */ = {isa = PBXBuildFile; fileRef = 3BF4D9E84BD583F5F5B94DD2 /* KeychainService.swift */; };
		456BDD529AE03C2C484A1848 /* ChannelGridView.swift in Sources */ = {isa = PBXBuildFile; fileRef = 0AB6719FEDA830070828323A /* ChannelGridView.swift */; };
		468B3EAE0BFC1F99EF31775C /* AppStore_com.dispatcharr.DispatcharrTV.mobileprovision in Resources */ = {isa = PBXBuildFile; fileRef = 76974FE4EC13DC7D11208212 /* AppStore_com.dispatcharr.DispatcharrTV.mobileprovision */; };
		47A3DEC1A208CCF13717EE10 /* Constants.swift in Sources */ = {isa = PBXBuildFile; fileRef = C2902D83A1ECED48115FB93D /* Constants.swift */; };
		4A996D4FEA7C29A7B931E46A /* Channel.swift in Sources */ = {isa = PBXBuildFile; fileRef = 4DEA72CA1B9494A0EF47EE56 /* Channel.swift */; };
		4E4FF77153901D104B782E70 /* Assets.xcassets in Resources */ = {isa = PBXBuildFile; fileRef = 3A7A4B12EE5408A53BB414CE /* Assets.xcassets */; };
		4F1C3F7D38D12092D04D13F8 /* GuideView.swift in Sources */ = {isa = PBXBuildFile; fileRef = 0921425EDB566108712A4416 /* GuideView.swift */; };
		50C84619FCD2C56547CA2B5C /* YN5QFY4469.certSigningRequest in Resources */ = {isa = PBXBuildFile; fileRef = FD98CB9A8E0C3386F3780CB5 /* YN5QFY4469.certSigningRequest */; };
		50C9E92A59B3D99CA46CF2B9 /* LoginView.swift in Sources */ = {isa = PBXBuildFile; fileRef = E562DFDEE5490AC2219E5C66 /* LoginView.swift */; };
		54B030A31BF574B35915F1BA /* hls_views_redis.py in Resources */ = {isa = PBXBuildFile; fileRef = F4473B210469450266167E61 /* hls_views_redis.py */; };
		551D2B70E4D2A85FC998AB2C /* Recording.swift in Sources */ = {isa = PBXBuildFile; fileRef = F3FA34F3A00B2EC91F4AA873 /* Recording.swift */; };
		564EFD6A4FC1C481A284CF5F /* RecordingRowView.swift in Sources */ = {isa = PBXBuildFile; fileRef = E276AD93298BF9889AE63599 /* RecordingRowView.swift */; };
		58FA07D0EA2E86685D63F463 /* ChannelCardView.swift in Sources */ = {isa = PBXBuildFile; fileRef = 66F2F990BD7F7F96EF02F8B9 /* ChannelCardView.swift */; };
		5C7268233DD326AFA51B625B /* PlayerOverlayView.swift in Sources */ = {isa = PBXBuildFile; fileRef = A4A657F280B0113F40B9FDB6 /* PlayerOverlayView.swift */; };
		5ECD97FC9AF347AE079987D7 /* DispatcharrAPI.swift in Sources */ = {isa = PBXBuildFile; fileRef = EC661075D1347C98B652CD97 /* DispatcharrAPI.swift */; };
		603E9D837155ED644D152C47 /* APIClient.swift in Sources */ = {isa = PBXBuildFile; fileRef = C9C5C509D638E62B04D4FF4E /* APIClient.swift */; };
		6274C419C70DFFAEE5C6B7A7 /* hls_server_ffmpeg.py in Resources */ = {isa = PBXBuildFile; fileRef = E781F7EE3D7322BD7272F673 /* hls_server_ffmpeg.py */; };
		6718E2574DCFB10F79B85705 /* RecordingsListView.swift in Sources */ = {isa = PBXBuildFile; fileRef = 90F2BE4B6A7C2760632AF71E /* RecordingsListView.swift */; };
		680DB394CAFF1194EF5CBD29 /* ProgramDetailView.swift in Sources */ = {isa = PBXBuildFile; fileRef = B55F51C989674BBE9A5D261F /* ProgramDetailView.swift */; };
		6A1B7CAC3FA11D362FE4FDD1 /* ShimmerView.swift in Sources */ = {isa = PBXBuildFile; fileRef = 9DF04F27FED339B46E197EB0 /* ShimmerView.swift */; };
		6A969BAF615009AF6A50B785 /* AppStore_com.dispatcharr.DispatcharrTV.mobileprovision in Resources */ = {isa = PBXBuildFile; fileRef = 76974FE4EC13DC7D11208212 /* AppStore_com.dispatcharr.DispatcharrTV.mobileprovision */; };
		73574F9B30B4AC3E71A69324 /* Constants.swift in Sources */ = {isa = PBXBuildFile; fileRef = C2902D83A1ECED48115FB93D /* Constants.swift */; };
		77C1005597B61536D3B3B6B2 /* SettingsView.swift in Sources */ = {isa = PBXBuildFile; fileRef = D4B3C71D85424BBA62D7FAA8 /* SettingsView.swift */; };
		798A60CE9D48576F05FD8904 /* ProgramDetailView.swift in Sources */ = {isa = PBXBuildFile; fileRef = B55F51C989674BBE9A5D261F /* ProgramDetailView.swift */; };
		7DFBEC30B27AA57349817C90 /* RecordingsListView.swift in Sources */ = {isa = PBXBuildFile; fileRef = 90F2BE4B6A7C2760632AF71E /* RecordingsListView.swift */; };
		83E4653DE3FC79D73EB3555B /* ChannelCardView.swift in Sources */ = {isa = PBXBuildFile; fileRef = 66F2F990BD7F7F96EF02F8B9 /* ChannelCardView.swift */; };
		874752AF7BA30D4B49204E5B /* DateFormatters.swift in Sources */ = {isa = PBXBuildFile; fileRef = 52DBEDD6D97F6AFB71163BFC /* DateFormatters.swift */; };
		87C45DEFBD1BC3183B4BBA6E /* GuideViewModel.swift in Sources */ = {isa = PBXBuildFile; fileRef = 2D105725E3371FDDBAFADA8D /* GuideViewModel.swift */; };
		8B97B64202482DAE06DAFD7F /* Recording.swift in Sources */ = {isa = PBXBuildFile; fileRef = F3FA34F3A00B2EC91F4AA873 /* Recording.swift */; };
		9178DE1154221FF9230CB40B /* ExportOptions.plist in Resources */ = {isa = PBXBuildFile; fileRef = 2BEDD15967278A2B4C4A68E4 /* ExportOptions.plist */; };
		92B8A4FF10C179A4189819EA /* Assets.xcassets in Resources */ = {isa = PBXBuildFile; fileRef = 3A7A4B12EE5408A53BB414CE /* Assets.xcassets */; };
		9D50308F784D6F2337FFBF00 /* YN5QFY4469.p12 in Resources */ = {isa = PBXBuildFile; fileRef = 3C3F520A603BA9EB5F48D648 /* YN5QFY4469.p12 */; };
		9D6BEE942525D1BBD9BEC71E /* SettingsView.swift in Sources */ = {isa = PBXBuildFile; fileRef = D4B3C71D85424BBA62D7FAA8 /* SettingsView.swift */; };
		A3D2A029F9B277BE5EA941AA /* VLCPlayerView.swift in Sources */ = {isa = PBXBuildFile; fileRef = 53B4ACB0876E31F7772A7011 /* VLCPlayerView.swift */; };
		A5AEF330D7F48640F1789BA6 /* RecordingsViewModel.swift in Sources */ = {isa = PBXBuildFile; fileRef = A81F12B10DB6CFF181B4CF05 /* RecordingsViewModel.swift */; };
		AC570994417251AACC0BA11B /* AuthViewModel.swift in Sources */ = {isa = PBXBuildFile; fileRef = 4C2EBB151D7E80634A1EB75F /* AuthViewModel.swift */; };
		AF39441675744A3F2D93FFFA /* hls_server_ffmpeg.py in Resources */ = {isa = PBXBuildFile; fileRef = E781F7EE3D7322BD7272F673 /* hls_server_ffmpeg.py */; };
		B4E63D66F2DAA8470C7B313B /* RecordingRowView.swift in Sources */ = {isa = PBXBuildFile; fileRef = E276AD93298BF9889AE63599 /* RecordingRowView.swift */; };
		BFB1087B4807E712BEACCF78 /* GuideView.swift in Sources */ = {isa = PBXBuildFile; fileRef = 0921425EDB566108712A4416 /* GuideView.swift */; };
		C2E687065BD1CCA1235EB6D7 /* YN5QFY4469.certSigningRequest in Resources */ = {isa = PBXBuildFile; fileRef = FD98CB9A8E0C3386F3780CB5 /* YN5QFY4469.certSigningRequest */; };
		C2E9F25C24EFC80F49EB3D96 /* KeychainService.swift in Sources */ = {isa = PBXBuildFile; fileRef = 3BF4D9E84BD583F5F5B94DD2 /* KeychainService.swift */; };
		C4250CCA54A327ED6A5D117A /* ImageCache.swift in Sources */ = {isa = PBXBuildFile; fileRef = 1E1F58D8501C75F60AC2C7FB /* ImageCache.swift */; };
		C538AFBA25BD3501375F0D54 /* VLCKit.xcframework in Frameworks */ = {isa = PBXBuildFile; fileRef = 088F7E4DC42CBD2470404D03 /* VLCKit.xcframework */; };
		C7BE7FF46C8248AA2DB67BBD /* RecordingsViewModel.swift in Sources */ = {isa = PBXBuildFile; fileRef = A81F12B10DB6CFF181B4CF05 /* RecordingsViewModel.swift */; };
		C90D99FFF496E8F3D522F717 /* YN5QFY4469.cer in Resources */ = {isa = PBXBuildFile; fileRef = E4E0C9F5E4DF2F22550D38E3 /* YN5QFY4469.cer */; };
		CAC4BEDBFB0A1342CB037769 /* ExportOptions.plist in Resources */ = {isa = PBXBuildFile; fileRef = 2BEDD15967278A2B4C4A68E4 /* ExportOptions.plist */; };
		D0A5C371625B5CE81D8C4996 /* ChannelGridView.swift in Sources */ = {isa = PBXBuildFile; fileRef = 0AB6719FEDA830070828323A /* ChannelGridView.swift */; };
		D248E16D67BDFC938BA0E4D9 /* VLCKit.xcframework in Embed Frameworks */ = {isa = PBXBuildFile; fileRef = 088F7E4DC42CBD2470404D03 /* VLCKit.xcframework */; settings = {ATTRIBUTES = (CodeSignOnCopy, RemoveHeadersOnCopy, ); }; };
		D309CCAE64B99DA707507207 /* hls_views_redis.py in Resources */ = {isa = PBXBuildFile; fileRef = F4473B210469450266167E61 /* hls_views_redis.py */; };
		D5C00B5A46DFD34850B056E7 /* AppStore_com.dispatcharr.DispatcharrTV_tvos.mobileprovision in Resources */ = {isa = PBXBuildFile; fileRef = 858D28F218FB22099F10250D /* AppStore_com.dispatcharr.DispatcharrTV_tvos.mobileprovision */; };
		DC064E2B07AB239A920B59D2 /* DispatcharrAPI.swift in Sources */ = {isa = PBXBuildFile; fileRef = EC661075D1347C98B652CD97 /* DispatcharrAPI.swift */; };
		DE5BA103ED51B7302D861689 /* RecordingPlayerView.swift in Sources */ = {isa = PBXBuildFile; fileRef = AE9ED352E2877318FA17A13A /* RecordingPlayerView.swift */; };
		E1F36002C0D671F5700AE8B0 /* Program.swift in Sources */ = {isa = PBXBuildFile; fileRef = 60133C5AF9199830CD7C0FF5 /* Program.swift */; };
		E7C8B9442E19B6F94EBD37C3 /* DispatcharrTVApp.swift in Sources */ = {isa = PBXBuildFile; fileRef = 80350296EB20310562F95BA5 /* DispatcharrTVApp.swift */; };
		E7F91585BFEC72F754171445 /* AuthToken.swift in Sources */ = {isa = PBXBuildFile; fileRef = AF696DCB276DDD53F87786B0 /* AuthToken.swift */; };
		E9A4A01ED8F193C0F1FAE6FF /* PlayerView.swift in Sources */ = {isa = PBXBuildFile; fileRef = 8DF4CA23F6854EAF7A2DFD65 /* PlayerView.swift */; };
		EA5732658A169E4E199D79BE /* Program.swift in Sources */ = {isa = PBXBuildFile; fileRef = 60133C5AF9199830CD7C0FF5 /* Program.swift */; };
		EBDBE464D60C6B80EA934B4B /* PlayerViewModel.swift in Sources */ = {isa = PBXBuildFile; fileRef = 92181FE3BF440CBE57F63FF4 /* PlayerViewModel.swift */; };
		EBFC6DC07DEC1AAE0D324781 /* VLCKit.xcframework in Embed Frameworks */ = {isa = PBXBuildFile; fileRef = 088F7E4DC42CBD2470404D03 /* VLCKit.xcframework */; settings = {ATTRIBUTES = (CodeSignOnCopy, RemoveHeadersOnCopy, ); }; };
		F2387B0228EFC19452DA886F /* DateFormatters.swift in Sources */ = {isa = PBXBuildFile; fileRef = 52DBEDD6D97F6AFB71163BFC /* DateFormatters.swift */; };
		F8D4985C3F474267C5310CCD /* VLCKit.xcframework in Frameworks */ = {isa = PBXBuildFile; fileRef = 088F7E4DC42CBD2470404D03 /* VLCKit.xcframework */; };
		FA5F31461226BC395D744A66 /* APIClient.swift in Sources */ = {isa = PBXBuildFile; fileRef = C9C5C509D638E62B04D4FF4E /* APIClient.swift */; };
		FDC08AC99FB774ABC7F07CAE /* hls_server_redis.py in Resources */ = {isa = PBXBuildFile; fileRef = 8F7A1C2482AABD157087E3F6 /* hls_server_redis.py */; };
		FDD2A79F55FFEFBB8702B7D7 /* DispatcharrTVApp.swift in Sources */ = {isa = PBXBuildFile; fileRef = 80350296EB20310562F95BA5 /* DispatcharrTVApp.swift */; };
/* End PBXBuildFile section */

/* Begin PBXCopyFilesBuildPhase section */
		46C8AF369D5164FFC0E33ABB /* Embed Frameworks */ = {
			isa = PBXCopyFilesBuildPhase;
			buildActionMask = 2147483647;
			dstPath = "";
			dstSubfolderSpec = 10;
			files = (
				EBFC6DC07DEC1AAE0D324781 /* VLCKit.xcframework in Embed Frameworks */,
			);
			name = "Embed Frameworks";
			runOnlyForDeploymentPostprocessing = 0;
		};
		54FE25126629262228719A0F /* Embed Frameworks */ = {
			isa = PBXCopyFilesBuildPhase;
			buildActionMask = 2147483647;
			dstPath = "";
			dstSubfolderSpec = 10;
			files = (
				D248E16D67BDFC938BA0E4D9 /* VLCKit.xcframework in Embed Frameworks */,
			);
			name = "Embed Frameworks";
			runOnlyForDeploymentPostprocessing = 0;
		};
/* End PBXCopyFilesBuildPhase section */

/* Begin PBXFileReference section */
		088F7E4DC42CBD2470404D03 /* VLCKit.xcframework */ = {isa = PBXFileReference; lastKnownFileType = wrapper.xcframework; path = VLCKit.xcframework; sourceTree = "<group>"; };
		0921425EDB566108712A4416 /* GuideView.swift */ = {isa = PBXFileReference; lastKnownFileType = sourcecode.swift; path = GuideView.swift; sourceTree = "<group>"; };
		0AB6719FEDA830070828323A /* ChannelGridView.swift */ = {isa = PBXFileReference; lastKnownFileType = sourcecode.swift; path = ChannelGridView.swift; sourceTree = "<group>"; };
		1E1F58D8501C75F60AC2C7FB /* ImageCache.swift */ = {isa = PBXFileReference; lastKnownFileType = sourcecode.swift; path = ImageCache.swift; sourceTree = "<group>"; };
		2BEDD15967278A2B4C4A68E4 /* ExportOptions.plist */ = {isa = PBXFileReference; lastKnownFileType = text.plist; path = ExportOptions.plist; sourceTree = "<group>"; };
		2D105725E3371FDDBAFADA8D /* GuideViewModel.swift */ = {isa = PBXFileReference; lastKnownFileType = sourcecode.swift; path = GuideViewModel.swift; sourceTree = "<group>"; };
		3094E0796AE5EE5923145F24 /* DispatcharrTV.app */ = {isa = PBXFileReference; includeInIndex = 0; lastKnownFileType = wrapper.application; path = DispatcharrTV.app; sourceTree = BUILT_PRODUCTS_DIR; };
		39E4B0CA1B50A52871CFECC4 /* DispatcharrTV-iOS.app */ = {isa = PBXFileReference; includeInIndex = 0; lastKnownFileType = wrapper.application; path = "DispatcharrTV-iOS.app"; sourceTree = BUILT_PRODUCTS_DIR; };
		3A7A4B12EE5408A53BB414CE /* Assets.xcassets */ = {isa = PBXFileReference; lastKnownFileType = folder.assetcatalog; path = Assets.xcassets; sourceTree = "<group>"; };
		3BF4D9E84BD583F5F5B94DD2 /* KeychainService.swift */ = {isa = PBXFileReference; lastKnownFileType = sourcecode.swift; path = KeychainService.swift; sourceTree = "<group>"; };
		3C3F520A603BA9EB5F48D648 /* YN5QFY4469.p12 */ = {isa = PBXFileReference; path = YN5QFY4469.p12; sourceTree = "<group>"; };
		4801CC690CC6978A17D5CE22 /* ChannelsViewModel.swift */ = {isa = PBXFileReference; lastKnownFileType = sourcecode.swift; path = ChannelsViewModel.swift; sourceTree = "<group>"; };
		4C2EBB151D7E80634A1EB75F /* AuthViewModel.swift */ = {isa = PBXFileReference; lastKnownFileType = sourcecode.swift; path = AuthViewModel.swift; sourceTree = "<group>"; };
		4DEA72CA1B9494A0EF47EE56 /* Channel.swift */ = {isa = PBXFileReference; lastKnownFileType = sourcecode.swift; path = Channel.swift; sourceTree = "<group>"; };
		52DBEDD6D97F6AFB71163BFC /* DateFormatters.swift */ = {isa = PBXFileReference; lastKnownFileType = sourcecode.swift; path = DateFormatters.swift; sourceTree = "<group>"; };
		53B4ACB0876E31F7772A7011 /* VLCPlayerView.swift */ = {isa = PBXFileReference; lastKnownFileType = sourcecode.swift; path = VLCPlayerView.swift; sourceTree = "<group>"; };
		60133C5AF9199830CD7C0FF5 /* Program.swift */ = {isa = PBXFileReference; lastKnownFileType = sourcecode.swift; path = Program.swift; sourceTree = "<group>"; };
		66F2F990BD7F7F96EF02F8B9 /* ChannelCardView.swift */ = {isa = PBXFileReference; lastKnownFileType = sourcecode.swift; path = ChannelCardView.swift; sourceTree = "<group>"; };
		76974FE4EC13DC7D11208212 /* AppStore_com.dispatcharr.DispatcharrTV.mobileprovision */ = {isa = PBXFileReference; path = AppStore_com.dispatcharr.DispatcharrTV.mobileprovision; sourceTree = "<group>"; };
		80350296EB20310562F95BA5 /* DispatcharrTVApp.swift */ = {isa = PBXFileReference; lastKnownFileType = sourcecode.swift; path = DispatcharrTVApp.swift; sourceTree = "<group>"; };
		858D28F218FB22099F10250D /* AppStore_com.dispatcharr.DispatcharrTV_tvos.mobileprovision */ = {isa = PBXFileReference; path = AppStore_com.dispatcharr.DispatcharrTV_tvos.mobileprovision; sourceTree = "<group>"; };
		8DF4CA23F6854EAF7A2DFD65 /* PlayerView.swift */ = {isa = PBXFileReference; lastKnownFileType = sourcecode.swift; path = PlayerView.swift; sourceTree = "<group>"; };
		8F7A1C2482AABD157087E3F6 /* hls_server_redis.py */ = {isa = PBXFileReference; lastKnownFileType = text.script.python; path = hls_server_redis.py; sourceTree = "<group>"; };
		8FBC559791CCDD000A4E9318 /* ExportOptions-iOS.plist */ = {isa = PBXFileReference; lastKnownFileType = text.plist; path = "ExportOptions-iOS.plist"; sourceTree = "<group>"; };
		90F2BE4B6A7C2760632AF71E /* RecordingsListView.swift */ = {isa = PBXFileReference; lastKnownFileType = sourcecode.swift; path = RecordingsListView.swift; sourceTree = "<group>"; };
		92181FE3BF440CBE57F63FF4 /* PlayerViewModel.swift */ = {isa = PBXFileReference; lastKnownFileType = sourcecode.swift; path = PlayerViewModel.swift; sourceTree = "<group>"; };
		9C04EFCF1CC7C312CF721147 /* hls_urls_redis.py */ = {isa = PBXFileReference; lastKnownFileType = text.script.python; path = hls_urls_redis.py; sourceTree = "<group>"; };
		9DF04F27FED339B46E197EB0 /* ShimmerView.swift */ = {isa = PBXFileReference; lastKnownFileType = sourcecode.swift; path = ShimmerView.swift; sourceTree = "<group>"; };
		A4A657F280B0113F40B9FDB6 /* PlayerOverlayView.swift */ = {isa = PBXFileReference; lastKnownFileType = sourcecode.swift; path = PlayerOverlayView.swift; sourceTree = "<group>"; };
		A81F12B10DB6CFF181B4CF05 /* RecordingsViewModel.swift */ = {isa = PBXFileReference; lastKnownFileType = sourcecode.swift; path = RecordingsViewModel.swift; sourceTree = "<group>"; };
		AE9ED352E2877318FA17A13A /* RecordingPlayerView.swift */ = {isa = PBXFileReference; lastKnownFileType = sourcecode.swift; path = RecordingPlayerView.swift; sourceTree = "<group>"; };
		AF696DCB276DDD53F87786B0 /* AuthToken.swift */ = {isa = PBXFileReference; lastKnownFileType = sourcecode.swift; path = AuthToken.swift; sourceTree = "<group>"; };
		B55F51C989674BBE9A5D261F /* ProgramDetailView.swift */ = {isa = PBXFileReference; lastKnownFileType = sourcecode.swift; path = ProgramDetailView.swift; sourceTree = "<group>"; };
		C2902D83A1ECED48115FB93D /* Constants.swift */ = {isa = PBXFileReference; lastKnownFileType = sourcecode.swift; path = Constants.swift; sourceTree = "<group>"; };
		C9C5C509D638E62B04D4FF4E /* APIClient.swift */ = {isa = PBXFileReference; lastKnownFileType = sourcecode.swift; path = APIClient.swift; sourceTree = "<group>"; };
		D4B3C71D85424BBA62D7FAA8 /* SettingsView.swift */ = {isa = PBXFileReference; lastKnownFileType = sourcecode.swift; path = SettingsView.swift; sourceTree = "<group>"; };
		E276AD93298BF9889AE63599 /* RecordingRowView.swift */ = {isa = PBXFileReference; lastKnownFileType = sourcecode.swift; path = RecordingRowView.swift; sourceTree = "<group>"; };
		E4E0C9F5E4DF2F22550D38E3 /* YN5QFY4469.cer */ = {isa = PBXFileReference; path = YN5QFY4469.cer; sourceTree = "<group>"; };
		E562DFDEE5490AC2219E5C66 /* LoginView.swift */ = {isa = PBXFileReference; lastKnownFileType = sourcecode.swift; path = LoginView.swift; sourceTree = "<group>"; };
		E781F7EE3D7322BD7272F673 /* hls_server_ffmpeg.py */ = {isa = PBXFileReference; lastKnownFileType = text.script.python; path = hls_server_ffmpeg.py; sourceTree = "<group>"; };
		EC661075D1347C98B652CD97 /* DispatcharrAPI.swift */ = {isa = PBXFileReference; lastKnownFileType = sourcecode.swift; path = DispatcharrAPI.swift; sourceTree = "<group>"; };
		F3FA34F3A00B2EC91F4AA873 /* Recording.swift */ = {isa = PBXFileReference; lastKnownFileType = sourcecode.swift; path = Recording.swift; sourceTree = "<group>"; };
		F4473B210469450266167E61 /* hls_views_redis.py */ = {isa = PBXFileReference; lastKnownFileType = text.script.python; path = hls_views_redis.py; sourceTree = "<group>"; };
		FD98CB9A8E0C3386F3780CB5 /* YN5QFY4469.certSigningRequest */ = {isa = PBXFileReference; path = YN5QFY4469.certSigningRequest; sourceTree = "<group>"; };
/* End PBXFileReference section */

/* Begin PBXFrameworksBuildPhase section */
		C553459B2D8AE94BC199AE22 /* Frameworks */ = {
			isa = PBXFrameworksBuildPhase;
			buildActionMask = 2147483647;
			files = (
				C538AFBA25BD3501375F0D54 /* VLCKit.xcframework in Frameworks */,
			);
			runOnlyForDeploymentPostprocessing = 0;
		};
		DD5E6824FFCB1260EF01229B /* Frameworks */ = {
			isa = PBXFrameworksBuildPhase;
			buildActionMask = 2147483647;
			files = (
				F8D4985C3F474267C5310CCD /* VLCKit.xcframework in Frameworks */,
			);
			runOnlyForDeploymentPostprocessing = 0;
		};
/* End PBXFrameworksBuildPhase section */

/* Begin PBXGroup section */
		07D37ED1575F909A208791AF /* Models */ = {
			isa = PBXGroup;
			children = (
				AF696DCB276DDD53F87786B0 /* AuthToken.swift */,
				4DEA72CA1B9494A0EF47EE56 /* Channel.swift */,
				60133C5AF9199830CD7C0FF5 /* Program.swift */,
				F3FA34F3A00B2EC91F4AA873 /* Recording.swift */,
			);
			path = Models;
			sourceTree = "<group>";
		};
		0AAA3E9A5D41FEE59C33A0F0 /* ViewModels */ = {
			isa = PBXGroup;
			children = (
				4C2EBB151D7E80634A1EB75F /* AuthViewModel.swift */,
				4801CC690CC6978A17D5CE22 /* ChannelsViewModel.swift */,
				2D105725E3371FDDBAFADA8D /* GuideViewModel.swift */,
				92181FE3BF440CBE57F63FF4 /* PlayerViewModel.swift */,
				A81F12B10DB6CFF181B4CF05 /* RecordingsViewModel.swift */,
			);
			path = ViewModels;
			sourceTree = "<group>";
		};
		167E30A45A67552393F92E56 /* Utilities */ = {
			isa = PBXGroup;
			children = (
				C2902D83A1ECED48115FB93D /* Constants.swift */,
				52DBEDD6D97F6AFB71163BFC /* DateFormatters.swift */,
				1E1F58D8501C75F60AC2C7FB /* ImageCache.swift */,
				9DF04F27FED339B46E197EB0 /* ShimmerView.swift */,
			);
			path = Utilities;
			sourceTree = "<group>";
		};
		30F9223697B0DB97FA654A65 /* Frameworks */ = {
			isa = PBXGroup;
			children = (
				088F7E4DC42CBD2470404D03 /* VLCKit.xcframework */,
			);
			name = Frameworks;
			sourceTree = "<group>";
		};
		39D8DE1DCDC76645FBCDAD0E /* Guide */ = {
			isa = PBXGroup;
			children = (
				0921425EDB566108712A4416 /* GuideView.swift */,
				B55F51C989674BBE9A5D261F /* ProgramDetailView.swift */,
			);
			path = Guide;
			sourceTree = "<group>";
		};
		3BC6450773CC6D7D38EABBA1 /* Views */ = {
			isa = PBXGroup;
			children = (
				39D8DE1DCDC76645FBCDAD0E /* Guide */,
				F74136DABD8754057DC48D10 /* LiveTV */,
				7060914FE6EE7F1A99EA841E /* Recordings */,
				530C8F97C18A48C32DB50B46 /* Settings */,
			);
			path = Views;
			sourceTree = "<group>";
		};
		530C8F97C18A48C32DB50B46 /* Settings */ = {
			isa = PBXGroup;
			children = (
				E562DFDEE5490AC2219E5C66 /* LoginView.swift */,
				D4B3C71D85424BBA62D7FAA8 /* SettingsView.swift */,
			);
			path = Settings;
			sourceTree = "<group>";
		};
		7060914FE6EE7F1A99EA841E /* Recordings */ = {
			isa = PBXGroup;
			children = (
				AE9ED352E2877318FA17A13A /* RecordingPlayerView.swift */,
				E276AD93298BF9889AE63599 /* RecordingRowView.swift */,
				90F2BE4B6A7C2760632AF71E /* RecordingsListView.swift */,
			);
			path = Recordings;
			sourceTree = "<group>";
		};
		8121E802D5891C7027300D14 /* Products */ = {
			isa = PBXGroup;
			children = (
				39E4B0CA1B50A52871CFECC4 /* DispatcharrTV-iOS.app */,
				3094E0796AE5EE5923145F24 /* DispatcharrTV.app */,
			);
			name = Products;
			sourceTree = "<group>";
		};
		8E3E6227DFE5658B30FC8DF5 = {
			isa = PBXGroup;
			children = (
				F52DFAB0522AA17CBF5C3DC9 /* App */,
				D67AA1D62821EC98C6CA0A3B /* DispatcharrTV */,
				07D37ED1575F909A208791AF /* Models */,
				A1647F47997B591A2073268A /* Services */,
				167E30A45A67552393F92E56 /* Utilities */,
				0AAA3E9A5D41FEE59C33A0F0 /* ViewModels */,
				3BC6450773CC6D7D38EABBA1 /* Views */,
				30F9223697B0DB97FA654A65 /* Frameworks */,
				8121E802D5891C7027300D14 /* Products */,
			);
			sourceTree = "<group>";
		};
		A1647F47997B591A2073268A /* Services */ = {
			isa = PBXGroup;
			children = (
				C9C5C509D638E62B04D4FF4E /* APIClient.swift */,
				EC661075D1347C98B652CD97 /* DispatcharrAPI.swift */,
				3BF4D9E84BD583F5F5B94DD2 /* KeychainService.swift */,
			);
			path = Services;
			sourceTree = "<group>";
		};
		D67AA1D62821EC98C6CA0A3B /* DispatcharrTV */ = {
			isa = PBXGroup;
			children = (
				858D28F218FB22099F10250D /* AppStore_com.dispatcharr.DispatcharrTV_tvos.mobileprovision */,
				76974FE4EC13DC7D11208212 /* AppStore_com.dispatcharr.DispatcharrTV.mobileprovision */,
				3A7A4B12EE5408A53BB414CE /* Assets.xcassets */,
				8FBC559791CCDD000A4E9318 /* ExportOptions-iOS.plist */,
				2BEDD15967278A2B4C4A68E4 /* ExportOptions.plist */,
				E781F7EE3D7322BD7272F673 /* hls_server_ffmpeg.py */,
				8F7A1C2482AABD157087E3F6 /* hls_server_redis.py */,
				9C04EFCF1CC7C312CF721147 /* hls_urls_redis.py */,
				F4473B210469450266167E61 /* hls_views_redis.py */,
				E4E0C9F5E4DF2F22550D38E3 /* YN5QFY4469.cer */,
				FD98CB9A8E0C3386F3780CB5 /* YN5QFY4469.certSigningRequest */,
				3C3F520A603BA9EB5F48D648 /* YN5QFY4469.p12 */,
				F52DFAB0522AA17CBF5C3DC9 /* App */,
				07D37ED1575F909A208791AF /* Models */,
				A1647F47997B591A2073268A /* Services */,
				167E30A45A67552393F92E56 /* Utilities */,
				0AAA3E9A5D41FEE59C33A0F0 /* ViewModels */,
				3BC6450773CC6D7D38EABBA1 /* Views */,
			);
			name = DispatcharrTV;
			path = .;
			sourceTree = "<group>";
		};
		F52DFAB0522AA17CBF5C3DC9 /* App */ = {
			isa = PBXGroup;
			children = (
				80350296EB20310562F95BA5 /* DispatcharrTVApp.swift */,
			);
			path = App;
			sourceTree = "<group>";
		};
		F74136DABD8754057DC48D10 /* LiveTV */ = {
			isa = PBXGroup;
			children = (
				66F2F990BD7F7F96EF02F8B9 /* ChannelCardView.swift */,
				0AB6719FEDA830070828323A /* ChannelGridView.swift */,
				A4A657F280B0113F40B9FDB6 /* PlayerOverlayView.swift */,
				8DF4CA23F6854EAF7A2DFD65 /* PlayerView.swift */,
				53B4ACB0876E31F7772A7011 /* VLCPlayerView.swift */,
			);
			path = LiveTV;
			sourceTree = "<group>";
		};
/* End PBXGroup section */

/* Begin PBXNativeTarget section */
		00712D10B9A0DAA584E67294 /* DispatcharrTV-iOS */ = {
			isa = PBXNativeTarget;
			buildConfigurationList = 5EA32D1516D0C15A8EF61B20 /* Build configuration list for PBXNativeTarget "DispatcharrTV-iOS" */;
			buildPhases = (
				7FA5C7ECFB58BBB03F43183C /* Sources */,
				DC2F0946FFDBD8F5F0EA3E90 /* Resources */,
				C553459B2D8AE94BC199AE22 /* Frameworks */,
				46C8AF369D5164FFC0E33ABB /* Embed Frameworks */,
			);
			buildRules = (
			);
			dependencies = (
			);
			name = "DispatcharrTV-iOS";
			packageProductDependencies = (
			);
			productName = "DispatcharrTV-iOS";
			productReference = 39E4B0CA1B50A52871CFECC4 /* DispatcharrTV-iOS.app */;
			productType = "com.apple.product-type.application";
		};
		69AAC664CC220C9882AC6953 /* DispatcharrTV */ = {
			isa = PBXNativeTarget;
			buildConfigurationList = AAF39D9FA1E77EBD1CB37121 /* Build configuration list for PBXNativeTarget "DispatcharrTV" */;
			buildPhases = (
				1E8BBE9224389D6CEEC54900 /* Sources */,
				08E82A7C436077115742E8CE /* Resources */,
				DD5E6824FFCB1260EF01229B /* Frameworks */,
				54FE25126629262228719A0F /* Embed Frameworks */,
			);
			buildRules = (
			);
			dependencies = (
			);
			name = DispatcharrTV;
			packageProductDependencies = (
			);
			productName = DispatcharrTV;
			productReference = 3094E0796AE5EE5923145F24 /* DispatcharrTV.app */;
			productType = "com.apple.product-type.application";
		};
/* End PBXNativeTarget section */

/* Begin PBXProject section */
		0C664784FB355EB4499D9353 /* Project object */ = {
			isa = PBXProject;
			attributes = {
				BuildIndependentTargetsInParallel = YES;
				LastUpgradeCheck = 1600;
				TargetAttributes = {
					00712D10B9A0DAA584E67294 = {
						DevelopmentTeam = EWURMBNL47;
					};
					69AAC664CC220C9882AC6953 = {
						DevelopmentTeam = EWURMBNL47;
					};
				};
			};
			buildConfigurationList = A0774DB3040F347E5A0E76E0 /* Build configuration list for PBXProject "DispatcharrTV" */;
			developmentRegion = en;
			hasScannedForEncodings = 0;
			knownRegions = (
				Base,
				en,
			);
			mainGroup = 8E3E6227DFE5658B30FC8DF5;
			minimizedProjectReferenceProxies = 1;
			preferredProjectObjectVersion = 77;
			productRefGroup = 8121E802D5891C7027300D14 /* Products */;
			projectDirPath = "";
			projectRoot = "";
			targets = (
				69AAC664CC220C9882AC6953 /* DispatcharrTV */,
				00712D10B9A0DAA584E67294 /* DispatcharrTV-iOS */,
			);
		};
/* End PBXProject section */

/* Begin PBXResourcesBuildPhase section */
		08E82A7C436077115742E8CE /* Resources */ = {
			isa = PBXResourcesBuildPhase;
			buildActionMask = 2147483647;
			files = (
				468B3EAE0BFC1F99EF31775C /* AppStore_com.dispatcharr.DispatcharrTV.mobileprovision in Resources */,
				30AEBD4EBF7D307194338F54 /* AppStore_com.dispatcharr.DispatcharrTV_tvos.mobileprovision in Resources */,
				92B8A4FF10C179A4189819EA /* Assets.xcassets in Resources */,
				00AE3BE3CB5C09653AC8BD76 /* ExportOptions-iOS.plist in Resources */,
				CAC4BEDBFB0A1342CB037769 /* ExportOptions.plist in Resources */,
				26D8BC0A2EDFE71F2C8A057E /* YN5QFY4469.cer in Resources */,
				50C84619FCD2C56547CA2B5C /* YN5QFY4469.certSigningRequest in Resources */,
				9D50308F784D6F2337FFBF00 /* YN5QFY4469.p12 in Resources */,
				AF39441675744A3F2D93FFFA /* hls_server_ffmpeg.py in Resources */,
				1B3D8241CB25A256393D974D /* hls_server_redis.py in Resources */,
				2288374F28501D6856D57E79 /* hls_urls_redis.py in Resources */,
				54B030A31BF574B35915F1BA /* hls_views_redis.py in Resources */,
			);
			runOnlyForDeploymentPostprocessing = 0;
		};
		DC2F0946FFDBD8F5F0EA3E90 /* Resources */ = {
			isa = PBXResourcesBuildPhase;
			buildActionMask = 2147483647;
			files = (
				6A969BAF615009AF6A50B785 /* AppStore_com.dispatcharr.DispatcharrTV.mobileprovision in Resources */,
				D5C00B5A46DFD34850B056E7 /* AppStore_com.dispatcharr.DispatcharrTV_tvos.mobileprovision in Resources */,
				4E4FF77153901D104B782E70 /* Assets.xcassets in Resources */,
				21B4199503A730B077DCA936 /* ExportOptions-iOS.plist in Resources */,
				9178DE1154221FF9230CB40B /* ExportOptions.plist in Resources */,
				C90D99FFF496E8F3D522F717 /* YN5QFY4469.cer in Resources */,
				C2E687065BD1CCA1235EB6D7 /* YN5QFY4469.certSigningRequest in Resources */,
				05DB94B600EC78E262051DBE /* YN5QFY4469.p12 in Resources */,
				6274C419C70DFFAEE5C6B7A7 /* hls_server_ffmpeg.py in Resources */,
				FDC08AC99FB774ABC7F07CAE /* hls_server_redis.py in Resources */,
				0F92A88CDF66841C6F42669A /* hls_urls_redis.py in Resources */,
				D309CCAE64B99DA707507207 /* hls_views_redis.py in Resources */,
			);
			runOnlyForDeploymentPostprocessing = 0;
		};
/* End PBXResourcesBuildPhase section */

/* Begin PBXSourcesBuildPhase section */
		1E8BBE9224389D6CEEC54900 /* Sources */ = {
			isa = PBXSourcesBuildPhase;
			buildActionMask = 2147483647;
			files = (
				603E9D837155ED644D152C47 /* APIClient.swift in Sources */,
				E7F91585BFEC72F754171445 /* AuthToken.swift in Sources */,
				AC570994417251AACC0BA11B /* AuthViewModel.swift in Sources */,
				06218E077B6E1E1AC836D3E4 /* Channel.swift in Sources */,
				83E4653DE3FC79D73EB3555B /* ChannelCardView.swift in Sources */,
				456BDD529AE03C2C484A1848 /* ChannelGridView.swift in Sources */,
				3E805C851049A3B656251283 /* ChannelsViewModel.swift in Sources */,
				73574F9B30B4AC3E71A69324 /* Constants.swift in Sources */,
				874752AF7BA30D4B49204E5B /* DateFormatters.swift in Sources */,
				DC064E2B07AB239A920B59D2 /* DispatcharrAPI.swift in Sources */,
				FDD2A79F55FFEFBB8702B7D7 /* DispatcharrTVApp.swift in Sources */,
				4F1C3F7D38D12092D04D13F8 /* GuideView.swift in Sources */,
				2446E84E8ED4836A876226BF /* GuideViewModel.swift in Sources */,
				124B65082BF415C6DB5F75CC /* ImageCache.swift in Sources */,
				3EB220BA0533ABD904BC583B /* KeychainService.swift in Sources */,
				0775B5D0AA88AEFFD59DA430 /* LoginView.swift in Sources */,
				1C4D6309D5C4EAD21EE8E125 /* PlayerOverlayView.swift in Sources */,
				29759DB8E253C43537FDD517 /* PlayerView.swift in Sources */,
				10794AA0A8BA3266AB662D97 /* PlayerViewModel.swift in Sources */,
				EA5732658A169E4E199D79BE /* Program.swift in Sources */,
				798A60CE9D48576F05FD8904 /* ProgramDetailView.swift in Sources */,
				551D2B70E4D2A85FC998AB2C /* Recording.swift in Sources */,
				332895DB5643E6D071C00859 /* RecordingPlayerView.swift in Sources */,
				564EFD6A4FC1C481A284CF5F /* RecordingRowView.swift in Sources */,
				7DFBEC30B27AA57349817C90 /* RecordingsListView.swift in Sources */,
				A5AEF330D7F48640F1789BA6 /* RecordingsViewModel.swift in Sources */,
				77C1005597B61536D3B3B6B2 /* SettingsView.swift in Sources */,
				6A1B7CAC3FA11D362FE4FDD1 /* ShimmerView.swift in Sources */,
				147D1FECA62E634D64531C92 /* VLCPlayerView.swift in Sources */,
			);
			runOnlyForDeploymentPostprocessing = 0;
		};
		7FA5C7ECFB58BBB03F43183C /* Sources */ = {
			isa = PBXSourcesBuildPhase;
			buildActionMask = 2147483647;
			files = (
				FA5F31461226BC395D744A66 /* APIClient.swift in Sources */,
				1389827930B18415E714F9C0 /* AuthToken.swift in Sources */,
				236B1C8DEA505D33DC34A20B /* AuthViewModel.swift in Sources */,
				4A996D4FEA7C29A7B931E46A /* Channel.swift in Sources */,
				58FA07D0EA2E86685D63F463 /* ChannelCardView.swift in Sources */,
				D0A5C371625B5CE81D8C4996 /* ChannelGridView.swift in Sources */,
				1D6E9185BE6D671D52CB09A9 /* ChannelsViewModel.swift in Sources */,
				47A3DEC1A208CCF13717EE10 /* Constants.swift in Sources */,
				F2387B0228EFC19452DA886F /* DateFormatters.swift in Sources */,
				5ECD97FC9AF347AE079987D7 /* DispatcharrAPI.swift in Sources */,
				E7C8B9442E19B6F94EBD37C3 /* DispatcharrTVApp.swift in Sources */,
				BFB1087B4807E712BEACCF78 /* GuideView.swift in Sources */,
				87C45DEFBD1BC3183B4BBA6E /* GuideViewModel.swift in Sources */,
				C4250CCA54A327ED6A5D117A /* ImageCache.swift in Sources */,
				C2E9F25C24EFC80F49EB3D96 /* KeychainService.swift in Sources */,
				50C9E92A59B3D99CA46CF2B9 /* LoginView.swift in Sources */,
				5C7268233DD326AFA51B625B /* PlayerOverlayView.swift in Sources */,
				E9A4A01ED8F193C0F1FAE6FF /* PlayerView.swift in Sources */,
				EBDBE464D60C6B80EA934B4B /* PlayerViewModel.swift in Sources */,
				E1F36002C0D671F5700AE8B0 /* Program.swift in Sources */,
				680DB394CAFF1194EF5CBD29 /* ProgramDetailView.swift in Sources */,
				8B97B64202482DAE06DAFD7F /* Recording.swift in Sources */,
				DE5BA103ED51B7302D861689 /* RecordingPlayerView.swift in Sources */,
				B4E63D66F2DAA8470C7B313B /* RecordingRowView.swift in Sources */,
				6718E2574DCFB10F79B85705 /* RecordingsListView.swift in Sources */,
				C7BE7FF46C8248AA2DB67BBD /* RecordingsViewModel.swift in Sources */,
				9D6BEE942525D1BBD9BEC71E /* SettingsView.swift in Sources */,
				26271F2ABFB6F9885698524D /* ShimmerView.swift in Sources */,
				A3D2A029F9B277BE5EA941AA /* VLCPlayerView.swift in Sources */,
			);
			runOnlyForDeploymentPostprocessing = 0;
		};
/* End PBXSourcesBuildPhase section */

/* Begin XCBuildConfiguration section */
		3527C0FD234FB9256A491497 /* Debug */ = {
			isa = XCBuildConfiguration;
			buildSettings = {
				ALWAYS_SEARCH_USER_PATHS = NO;
				CLANG_ANALYZER_NONNULL = YES;
				CLANG_ANALYZER_NUMBER_OBJECT_CONVERSION = YES_AGGRESSIVE;
				CLANG_CXX_LANGUAGE_STANDARD = "gnu++14";
				CLANG_CXX_LIBRARY = "libc++";
				CLANG_ENABLE_MODULES = YES;
				CLANG_ENABLE_OBJC_ARC = YES;
				CLANG_ENABLE_OBJC_WEAK = YES;
				CLANG_WARN_BLOCK_CAPTURE_AUTORELEASING = YES;
				CLANG_WARN_BOOL_CONVERSION = YES;
				CLANG_WARN_COMMA = YES;
				CLANG_WARN_CONSTANT_CONVERSION = YES;
				CLANG_WARN_DEPRECATED_OBJC_IMPLEMENTATIONS = YES;
				CLANG_WARN_DIRECT_OBJC_ISA_USAGE = YES_ERROR;
				CLANG_WARN_DOCUMENTATION_COMMENTS = YES;
				CLANG_WARN_EMPTY_BODY = YES;
				CLANG_WARN_ENUM_CONVERSION = YES;
				CLANG_WARN_INFINITE_RECURSION = YES;
				CLANG_WARN_INT_CONVERSION = YES;
				CLANG_WARN_NON_LITERAL_NULL_CONVERSION = YES;
				CLANG_WARN_OBJC_IMPLICIT_RETAIN_SELF = YES;
				CLANG_WARN_OBJC_LITERAL_CONVERSION = YES;
				CLANG_WARN_OBJC_ROOT_CLASS = YES_ERROR;
				CLANG_WARN_QUOTED_INCLUDE_IN_FRAMEWORK_HEADER = YES;
				CLANG_WARN_RANGE_LOOP_ANALYSIS = YES;
				CLANG_WARN_STRICT_PROTOTYPES = YES;
				CLANG_WARN_SUSPICIOUS_MOVE = YES;
				CLANG_WARN_UNGUARDED_AVAILABILITY = YES_AGGRESSIVE;
				CLANG_WARN_UNREACHABLE_CODE = YES;
				CLANG_WARN__DUPLICATE_METHOD_MATCH = YES;
				COPY_PHASE_STRIP = NO;
				DEBUG_INFORMATION_FORMAT = dwarf;
				DEVELOPMENT_TEAM = EWURMBNL47;
				ENABLE_STRICT_OBJC_MSGSEND = YES;
				ENABLE_TESTABILITY = YES;
				GCC_C_LANGUAGE_STANDARD = gnu11;
				GCC_DYNAMIC_NO_PIC = NO;
				GCC_NO_COMMON_BLOCKS = YES;
				GCC_OPTIMIZATION_LEVEL = 0;
				GCC_PREPROCESSOR_DEFINITIONS = (
					"$(inherited)",
					"DEBUG=1",
				);
				GCC_WARN_64_TO_32_BIT_CONVERSION = YES;
				GCC_WARN_ABOUT_RETURN_TYPE = YES_ERROR;
				GCC_WARN_UNDECLARED_SELECTOR = YES;
				GCC_WARN_UNINITIALIZED_AUTOS = YES_AGGRESSIVE;
				GCC_WARN_UNUSED_FUNCTION = YES;
				GCC_WARN_UNUSED_VARIABLE = YES;
				IPHONEOS_DEPLOYMENT_TARGET = 17.0;
				MTL_ENABLE_DEBUG_INFO = INCLUDE_SOURCE;
				MTL_FAST_MATH = YES;
				ONLY_ACTIVE_ARCH = YES;
				PRODUCT_NAME = "$(TARGET_NAME)";
				SWIFT_ACTIVE_COMPILATION_CONDITIONS = DEBUG;
				SWIFT_OPTIMIZATION_LEVEL = "-Onone";
				SWIFT_VERSION = 5.0;
				TVOS_DEPLOYMENT_TARGET = 17.0;
			};
			name = Debug;
		};
		3751749CB3459F5530D52A33 /* Release */ = {
			isa = XCBuildConfiguration;
			buildSettings = {
				ALWAYS_SEARCH_USER_PATHS = NO;
				CLANG_ANALYZER_NONNULL = YES;
				CLANG_ANALYZER_NUMBER_OBJECT_CONVERSION = YES_AGGRESSIVE;
				CLANG_CXX_LANGUAGE_STANDARD = "gnu++14";
				CLANG_CXX_LIBRARY = "libc++";
				CLANG_ENABLE_MODULES = YES;
				CLANG_ENABLE_OBJC_ARC = YES;
				CLANG_ENABLE_OBJC_WEAK = YES;
				CLANG_WARN_BLOCK_CAPTURE_AUTORELEASING = YES;
				CLANG_WARN_BOOL_CONVERSION = YES;
				CLANG_WARN_COMMA = YES;
				CLANG_WARN_CONSTANT_CONVERSION = YES;
				CLANG_WARN_DEPRECATED_OBJC_IMPLEMENTATIONS = YES;
				CLANG_WARN_DIRECT_OBJC_ISA_USAGE = YES_ERROR;
				CLANG_WARN_DOCUMENTATION_COMMENTS = YES;
				CLANG_WARN_EMPTY_BODY = YES;
				CLANG_WARN_ENUM_CONVERSION = YES;
				CLANG_WARN_INFINITE_RECURSION = YES;
				CLANG_WARN_INT_CONVERSION = YES;
				CLANG_WARN_NON_LITERAL_NULL_CONVERSION = YES;
				CLANG_WARN_OBJC_IMPLICIT_RETAIN_SELF = YES;
				CLANG_WARN_OBJC_LITERAL_CONVERSION = YES;
				CLANG_WARN_OBJC_ROOT_CLASS = YES_ERROR;
				CLANG_WARN_QUOTED_INCLUDE_IN_FRAMEWORK_HEADER = YES;
				CLANG_WARN_RANGE_LOOP_ANALYSIS = YES;
				CLANG_WARN_STRICT_PROTOTYPES = YES;
				CLANG_WARN_SUSPICIOUS_MOVE = YES;
				CLANG_WARN_UNGUARDED_AVAILABILITY = YES_AGGRESSIVE;
				CLANG_WARN_UNREACHABLE_CODE = YES;
				CLANG_WARN__DUPLICATE_METHOD_MATCH = YES;
				COPY_PHASE_STRIP = NO;
				DEBUG_INFORMATION_FORMAT = "dwarf-with-dsym";
				DEVELOPMENT_TEAM = EWURMBNL47;
				ENABLE_NS_ASSERTIONS = NO;
				ENABLE_STRICT_OBJC_MSGSEND = YES;
				GCC_C_LANGUAGE_STANDARD = gnu11;
				GCC_NO_COMMON_BLOCKS = YES;
				GCC_WARN_64_TO_32_BIT_CONVERSION = YES;
				GCC_WARN_ABOUT_RETURN_TYPE = YES_ERROR;
				GCC_WARN_UNDECLARED_SELECTOR = YES;
				GCC_WARN_UNINITIALIZED_AUTOS = YES_AGGRESSIVE;
				GCC_WARN_UNUSED_FUNCTION = YES;
				GCC_WARN_UNUSED_VARIABLE = YES;
				IPHONEOS_DEPLOYMENT_TARGET = 17.0;
				MTL_ENABLE_DEBUG_INFO = NO;
				MTL_FAST_MATH = YES;
				PRODUCT_NAME = "$(TARGET_NAME)";
				SWIFT_COMPILATION_MODE = wholemodule;
				SWIFT_OPTIMIZATION_LEVEL = "-O";
				SWIFT_VERSION = 5.0;
				TVOS_DEPLOYMENT_TARGET = 17.0;
			};
			name = Release;
		};
		4467B0004EFE50FE0D0929D8 /* Debug */ = {
			isa = XCBuildConfiguration;
			buildSettings = {
				ASSETCATALOG_COMPILER_APPICON_NAME = "App Icon";
				ASSETCATALOG_COMPILER_LAUNCHIMAGE_NAME = LaunchImage;
				ASSETCATALOG_COMPILER_LAUNCH_STORYBOARD_NAME = "";
				ASSETCATALOG_COMPILER_TOP_SHELF_IMAGE_NAME = "Top Shelf Image";
				FRAMEWORK_SEARCH_PATHS = (
					"$(inherited)",
					"\".\"",
				);
				INFOPLIST_FILE = Info.plist;
				LD_RUNPATH_SEARCH_PATHS = (
					"$(inherited)",
					"@executable_path/Frameworks",
				);
				PRODUCT_BUNDLE_IDENTIFIER = com.dispatcharr.DispatcharrTV;
				SDKROOT = appletvos;
				TARGETED_DEVICE_FAMILY = 3;
			};
			name = Debug;
		};
		755137C3EE7060494A91072D /* Debug */ = {
			isa = XCBuildConfiguration;
			buildSettings = {
				ASSETCATALOG_COMPILER_APPICON_NAME = AppIcon;
				CODE_SIGN_IDENTITY = "iPhone Developer";
				CURRENT_PROJECT_VERSION = 35;
				FRAMEWORK_SEARCH_PATHS = (
					"$(inherited)",
					"\".\"",
				);
				GENERATE_INFOPLIST_FILE = YES;
				INFOPLIST_FILE = "Info-iOS.plist";
				INFOPLIST_KEY_UILaunchScreen_Generation = YES;
				INFOPLIST_KEY_UISupportedInterfaceOrientations_iPad = "UIInterfaceOrientationPortrait UIInterfaceOrientationPortraitUpsideDown UIInterfaceOrientationLandscapeLeft UIInterfaceOrientationLandscapeRight";
				INFOPLIST_KEY_UISupportedInterfaceOrientations_iPhone = "UIInterfaceOrientationPortrait UIInterfaceOrientationLandscapeLeft UIInterfaceOrientationLandscapeRight";
				LD_RUNPATH_SEARCH_PATHS = (
					"$(inherited)",
					"@executable_path/Frameworks",
				);
				MARKETING_VERSION = 1.0.0;
				PRODUCT_BUNDLE_IDENTIFIER = com.dispatcharr.DispatcharrTV;
				SDKROOT = iphoneos;
				TARGETED_DEVICE_FAMILY = "1,2";
			};
			name = Debug;
		};
		A0064749F84970557748CD22 /* Release */ = {
			isa = XCBuildConfiguration;
			buildSettings = {
				ASSETCATALOG_COMPILER_APPICON_NAME = "App Icon";
				ASSETCATALOG_COMPILER_LAUNCHIMAGE_NAME = LaunchImage;
				ASSETCATALOG_COMPILER_LAUNCH_STORYBOARD_NAME = "";
				ASSETCATALOG_COMPILER_TOP_SHELF_IMAGE_NAME = "Top Shelf Image";
				FRAMEWORK_SEARCH_PATHS = (
					"$(inherited)",
					"\".\"",
				);
				INFOPLIST_FILE = Info.plist;
				LD_RUNPATH_SEARCH_PATHS = (
					"$(inherited)",
					"@executable_path/Frameworks",
				);
				PRODUCT_BUNDLE_IDENTIFIER = com.dispatcharr.DispatcharrTV;
				SDKROOT = appletvos;
				TARGETED_DEVICE_FAMILY = 3;
			};
			name = Release;
		};
		B892F0F7EE756ED22A5A9AF9 /* Release */ = {
			isa = XCBuildConfiguration;
			buildSettings = {
				ASSETCATALOG_COMPILER_APPICON_NAME = AppIcon;
				CODE_SIGN_IDENTITY = "iPhone Developer";
				CURRENT_PROJECT_VERSION = 35;
				FRAMEWORK_SEARCH_PATHS = (
					"$(inherited)",
					"\".\"",
				);
				GENERATE_INFOPLIST_FILE = YES;
				INFOPLIST_FILE = "Info-iOS.plist";
				INFOPLIST_KEY_UILaunchScreen_Generation = YES;
				INFOPLIST_KEY_UISupportedInterfaceOrientations_iPad = "UIInterfaceOrientationPortrait UIInterfaceOrientationPortraitUpsideDown UIInterfaceOrientationLandscapeLeft UIInterfaceOrientationLandscapeRight";
				INFOPLIST_KEY_UISupportedInterfaceOrientations_iPhone = "UIInterfaceOrientationPortrait UIInterfaceOrientationLandscapeLeft UIInterfaceOrientationLandscapeRight";
				LD_RUNPATH_SEARCH_PATHS = (
					"$(inherited)",
					"@executable_path/Frameworks",
				);
				MARKETING_VERSION = 1.0.0;
				PRODUCT_BUNDLE_IDENTIFIER = com.dispatcharr.DispatcharrTV;
				SDKROOT = iphoneos;
				TARGETED_DEVICE_FAMILY = "1,2";
			};
			name = Release;
		};
/* End XCBuildConfiguration section */

/* Begin XCConfigurationList section */
		5EA32D1516D0C15A8EF61B20 /* Build configuration list for PBXNativeTarget "DispatcharrTV-iOS" */ = {
			isa = XCConfigurationList;
			buildConfigurations = (
				755137C3EE7060494A91072D /* Debug */,
				B892F0F7EE756ED22A5A9AF9 /* Release */,
			);
			defaultConfigurationIsVisible = 0;
			defaultConfigurationName = Debug;
		};
		A0774DB3040F347E5A0E76E0 /* Build configuration list for PBXProject "DispatcharrTV" */ = {
			isa = XCConfigurationList;
			buildConfigurations = (
				3527C0FD234FB9256A491497 /* Debug */,
				3751749CB3459F5530D52A33 /* Release */,
			);
			defaultConfigurationIsVisible = 0;
			defaultConfigurationName = Debug;
		};
		AAF39D9FA1E77EBD1CB37121 /* Build configuration list for PBXNativeTarget "DispatcharrTV" */ = {
			isa = XCConfigurationList;
			buildConfigurations = (
				4467B0004EFE50FE0D0929D8 /* Debug */,
				A0064749F84970557748CD22 /* Release */,
			);
			defaultConfigurationIsVisible = 0;
			defaultConfigurationName = Debug;
		};
/* End XCConfigurationList section */
	};
	rootObject = 0C664784FB355EB4499D9353 /* Project object */;
}
